
Microsoft Visual Studio Solution File, Format Version 12.00
# Visual Studio Version 16
VisualStudioVersion = 16.0.28701.123
MinimumVisualStudioVersion = 10.0.40219.1
Project("{9A19103F-16F7-4668-BE54-9A1E7A4F7556}") = "Muon", "Muon\Muon.csproj", "{2D05CC24-52C5-4B4B-BC49-4BE3F054F6C5}"
EndProject
Project("{9A19103F-16F7-4668-BE54-9A1E7A4F7556}") = "Kleene", "Kleene\Kleene.csproj", "{C42E2784-7A93-48DF-A5D5-E0E272D6863C}"
EndProject
Project("{9A19103F-16F7-4668-BE54-9A1E7A4F7556}") = "Kleene.Tests", "Kleene.Tests\Kleene.Tests.csproj", "{9F28F118-6F04-4753-BF49-F2B233A6D073}"
EndProject
Project("{2150E333-8FDC-42A3-9474-1A3956D46DE8}") = "Solution Items", "Solution Items", "{AEA6DBE1-5C2B-4999-ADE4-751447F71627}"
	ProjectSection(SolutionItems) = preProject
		.travis.yml = .travis.yml
	EndProjectSection
EndProject
Project("{FAE04EC0-301F-11D3-BF4B-00C04F79EFBC}") = "Muon.Tests", "Muon.Tests\Muon.Tests.csproj", "{F1FA0D7C-7FE2-43FD-9EE4-F4F56A005ECC}"
EndProject
Global
	GlobalSection(SolutionConfigurationPlatforms) = preSolution
		Debug|Any CPU = Debug|Any CPU
		Release|Any CPU = Release|Any CPU
	EndGlobalSection
	GlobalSection(ProjectConfigurationPlatforms) = postSolution
		{2D05CC24-52C5-4B4B-BC49-4BE3F054F6C5}.Debug|Any CPU.ActiveCfg = Debug|Any CPU
		{2D05CC24-52C5-4B4B-BC49-4BE3F054F6C5}.Debug|Any CPU.Build.0 = Debug|Any CPU
		{2D05CC24-52C5-4B4B-BC49-4BE3F054F6C5}.Release|Any CPU.ActiveCfg = Release|Any CPU
		{2D05CC24-52C5-4B4B-BC49-4BE3F054F6C5}.Release|Any CPU.Build.0 = Release|Any CPU
		{C42E2784-7A93-48DF-A5D5-E0E272D6863C}.Debug|Any CPU.ActiveCfg = Debug|Any CPU
		{C42E2784-7A93-48DF-A5D5-E0E272D6863C}.Debug|Any CPU.Build.0 = Debug|Any CPU
		{C42E2784-7A93-48DF-A5D5-E0E272D6863C}.Release|Any CPU.ActiveCfg = Release|Any CPU
		{C42E2784-7A93-48DF-A5D5-E0E272D6863C}.Release|Any CPU.Build.0 = Release|Any CPU
		{9F28F118-6F04-4753-BF49-F2B233A6D073}.Debug|Any CPU.ActiveCfg = Debug|Any CPU
		{9F28F118-6F04-4753-BF49-F2B233A6D073}.Debug|Any CPU.Build.0 = Debug|Any CPU
		{9F28F118-6F04-4753-BF49-F2B233A6D073}.Release|Any CPU.ActiveCfg = Release|Any CPU
		{9F28F118-6F04-4753-BF49-F2B233A6D073}.Release|Any CPU.Build.0 = Release|Any CPU
		{F1FA0D7C-7FE2-43FD-9EE4-F4F56A005ECC}.Debug|Any CPU.ActiveCfg = Debug|Any CPU
		{F1FA0D7C-7FE2-43FD-9EE4-F4F56A005ECC}.Debug|Any CPU.Build.0 = Debug|Any CPU
		{F1FA0D7C-7FE2-43FD-9EE4-F4F56A005ECC}.Release|Any CPU.ActiveCfg = Release|Any CPU
		{F1FA0D7C-7FE2-43FD-9EE4-F4F56A005ECC}.Release|Any CPU.Build.0 = Release|Any CPU
	EndGlobalSection
	GlobalSection(SolutionProperties) = preSolution
		HideSolutionNode = FALSE
	EndGlobalSection
	GlobalSection(ExtensibilityGlobals) = postSolution
		SolutionGuid = {3B4E3852-4628-41B8-B51D-EE83417A5B3A}
	EndGlobalSection
EndGlobal
